
Microsoft Visual Studio Solution File, Format Version 12.00
# Visual Studio Version 16
VisualStudioVersion = 16.0.31025.194
MinimumVisualStudioVersion = 10.0.40219.1
Project("{FAE04EC0-301F-11D3-BF4B-00C04F79EFBC}") = "TugasCRUDMVC", "TugasCRUDMVC.csproj", "{22D4AC2A-25B0-44A0-8F37-1A47EED4F271}"
EndProject
Global
	GlobalSection(SolutionConfigurationPlatforms) = preSolution
		Debug|Any CPU = Debug|Any CPU
		Release|Any CPU = Release|Any CPU
	EndGlobalSection
	GlobalSection(ProjectConfigurationPlatforms) = postSolution
		{22D4AC2A-25B0-44A0-8F37-1A47EED4F271}.Debug|Any CPU.ActiveCfg = Debug|Any CPU
		{22D4AC2A-25B0-44A0-8F37-1A47EED4F271}.Debug|Any CPU.Build.0 = Debug|Any CPU
		{22D4AC2A-25B0-44A0-8F37-1A47EED4F271}.Release|Any CPU.ActiveCfg = Release|Any CPU
		{22D4AC2A-25B0-44A0-8F37-1A47EED4F271}.Release|Any CPU.Build.0 = Release|Any CPU
	EndGlobalSection
	GlobalSection(SolutionProperties) = preSolution
		HideSolutionNode = FALSE
	EndGlobalSection
	GlobalSection(ExtensibilityGlobals) = postSolution
		SolutionGuid = {5FFF86E6-C437-40E8-9B54-B20449FEC05C}
	EndGlobalSection
EndGlobal
